
Microsoft Visual Studio Solution File, Format Version 12.00
# Visual Studio 15
Project("{FAE04EC0-301F-11D3-BF4B-00C04F79EFBC}") = "Assembly-CSharp", "Assembly-CSharp.csproj", "{39AE7B25-6F6B-FB5D-4706-89C73061AB2A}"
EndProject
Project("{FAE04EC0-301F-11D3-BF4B-00C04F79EFBC}") = "Assembly-CSharp-Editor", "Assembly-CSharp-Editor.csproj", "{46890D10-6DCC-A648-B334-093396C71319}"
EndProject
Global
	GlobalSection(SolutionConfigurationPlatforms) = preSolution
		Debug|Any CPU = Debug|Any CPU
		Release|Any CPU = Release|Any CPU
	EndGlobalSection
	GlobalSection(ProjectConfigurationPlatforms) = postSolution
		{39AE7B25-6F6B-FB5D-4706-89C73061AB2A}.Debug|Any CPU.ActiveCfg = Debug|Any CPU
		{39AE7B25-6F6B-FB5D-4706-89C73061AB2A}.Debug|Any CPU.Build.0 = Debug|Any CPU
		{39AE7B25-6F6B-FB5D-4706-89C73061AB2A}.Release|Any CPU.ActiveCfg = Release|Any CPU
		{39AE7B25-6F6B-FB5D-4706-89C73061AB2A}.Release|Any CPU.Build.0 = Release|Any CPU
		{46890D10-6DCC-A648-B334-093396C71319}.Debug|Any CPU.ActiveCfg = Debug|Any CPU
		{46890D10-6DCC-A648-B334-093396C71319}.Debug|Any CPU.Build.0 = Debug|Any CPU
		{46890D10-6DCC-A648-B334-093396C71319}.Release|Any CPU.ActiveCfg = Release|Any CPU
		{46890D10-6DCC-A648-B334-093396C71319}.Release|Any CPU.Build.0 = Release|Any CPU
	EndGlobalSection
	GlobalSection(SolutionProperties) = preSolution
		HideSolutionNode = FALSE
	EndGlobalSection
EndGlobal
